
Microsoft Visual Studio Solution File, Format Version 11.00
# Visual Studio 2010
Project("{FAE04EC0-301F-11D3-BF4B-00C04F79EFBC}") = "srcrepair", "srcrepair\srcrepair.csproj", "{83A0493F-A5D9-4306-9AB6-FB722EBE85BD}"
EndProject
Global
	GlobalSection(SolutionConfigurationPlatforms) = preSolution
		Debug|x86 = Debug|x86
		Release|x86 = Release|x86
	EndGlobalSection
	GlobalSection(ProjectConfigurationPlatforms) = postSolution
		{83A0493F-A5D9-4306-9AB6-FB722EBE85BD}.Debug|x86.ActiveCfg = Debug|x86
		{83A0493F-A5D9-4306-9AB6-FB722EBE85BD}.Debug|x86.Build.0 = Debug|x86
		{83A0493F-A5D9-4306-9AB6-FB722EBE85BD}.Release|x86.ActiveCfg = Release|x86
		{83A0493F-A5D9-4306-9AB6-FB722EBE85BD}.Release|x86.Build.0 = Release|x86
	EndGlobalSection
	GlobalSection(SolutionProperties) = preSolution
		HideSolutionNode = FALSE
	EndGlobalSection
EndGlobal
